
Microsoft Visual Studio Solution File, Format Version 12.00
# Visual Studio 14
VisualStudioVersion = 14.0.23107.0
MinimumVisualStudioVersion = 10.0.40219.1
Project("{FAE04EC0-301F-11D3-BF4B-00C04F79EFBC}") = "FortisCollections.Toolcore", "FortisCollections.Toolcore\FortisCollections.Toolcore.csproj", "{F086152B-E47B-4F44-943D-BF48C344DE58}"
EndProject
Project("{FAE04EC0-301F-11D3-BF4B-00C04F79EFBC}") = "FortisCollections.Toolcore.Update", "FortisCollections.Toolcore.Update\FortisCollections.Toolcore.Update.csproj", "{DE3209D7-FEEC-451D-B633-7CB8D1537B0D}"
EndProject
Global
	GlobalSection(SolutionConfigurationPlatforms) = preSolution
		Debug|Any CPU = Debug|Any CPU
		Release|Any CPU = Release|Any CPU
	EndGlobalSection
	GlobalSection(ProjectConfigurationPlatforms) = postSolution
		{F086152B-E47B-4F44-943D-BF48C344DE58}.Debug|Any CPU.ActiveCfg = Debug|Any CPU
		{F086152B-E47B-4F44-943D-BF48C344DE58}.Debug|Any CPU.Build.0 = Debug|Any CPU
		{F086152B-E47B-4F44-943D-BF48C344DE58}.Release|Any CPU.ActiveCfg = Release|Any CPU
		{F086152B-E47B-4F44-943D-BF48C344DE58}.Release|Any CPU.Build.0 = Release|Any CPU
		{DE3209D7-FEEC-451D-B633-7CB8D1537B0D}.Debug|Any CPU.ActiveCfg = Debug|Any CPU
		{DE3209D7-FEEC-451D-B633-7CB8D1537B0D}.Debug|Any CPU.Build.0 = Debug|Any CPU
		{DE3209D7-FEEC-451D-B633-7CB8D1537B0D}.Release|Any CPU.ActiveCfg = Release|Any CPU
		{DE3209D7-FEEC-451D-B633-7CB8D1537B0D}.Release|Any CPU.Build.0 = Release|Any CPU
	EndGlobalSection
	GlobalSection(SolutionProperties) = preSolution
		HideSolutionNode = FALSE
	EndGlobalSection
EndGlobal
